
Microsoft Visual Studio Solution File, Format Version 12.00
# Visual Studio Version 16
VisualStudioVersion = 16.0.30907.101
MinimumVisualStudioVersion = 10.0.40219.1
Project("{FAE04EC0-301F-11D3-BF4B-00C04F79EFBC}") = "Asset Tracking", "Asset Tracking\Asset Tracking.csproj", "{6EFBEB65-8C7F-45E7-BFBA-87CFD98853CB}"
EndProject
Global
	GlobalSection(SolutionConfigurationPlatforms) = preSolution
		Debug|Any CPU = Debug|Any CPU
		Release|Any CPU = Release|Any CPU
	EndGlobalSection
	GlobalSection(ProjectConfigurationPlatforms) = postSolution
		{6EFBEB65-8C7F-45E7-BFBA-87CFD98853CB}.Debug|Any CPU.ActiveCfg = Debug|Any CPU
		{6EFBEB65-8C7F-45E7-BFBA-87CFD98853CB}.Debug|Any CPU.Build.0 = Debug|Any CPU
		{6EFBEB65-8C7F-45E7-BFBA-87CFD98853CB}.Release|Any CPU.ActiveCfg = Release|Any CPU
		{6EFBEB65-8C7F-45E7-BFBA-87CFD98853CB}.Release|Any CPU.Build.0 = Release|Any CPU
	EndGlobalSection
	GlobalSection(SolutionProperties) = preSolution
		HideSolutionNode = FALSE
	EndGlobalSection
	GlobalSection(ExtensibilityGlobals) = postSolution
		SolutionGuid = {DF5C4B21-D298-4503-9390-3AB034701FCA}
	EndGlobalSection
EndGlobal
